{
    "_meta": {
        "hash": {
            "sha256": "624c27e726663cff86dfafed67a5313f799c6dd811889c985800a5859ecdcb65"
        },
        "pipfile-spec": 6,
        "requires": {
            "python_full_version": "3.9.5",
            "python_version": "3.9"
        },
        "sources": [
            {
                "name": "pypi",
                "url": "https://pypi.org/simple",
                "verify_ssl": true
            }
        ]
    },
    "default": {
        "pwinput": {
            "hashes": [
                "sha256:ca1a8bd06e28872d751dbd4132d8637127c25b408ea3a349377314a5491426f3"
            ],
            "index": "pypi",
            "version": "==1.0.3"
        },
        "termcolor": {
            "hashes": [
                "sha256:91ddd848e7251200eac969846cbae2dacd7d71c2871e92733289e7e3666f48e7",
                "sha256:dfc8ac3f350788f23b2947b3e6cfa5a53b630b612e6cd8965a015a776020b99a"
            ],
            "index": "pypi",
            "version": "==2.2.0"
        }
    },
    "develop": {}
}
